// !$*UTF8*$!
{
	archiveVersion = 1;
	classes = {
	};
	objectVersion = 50;
	objects = {

/* Begin PBXBuildFile section */
		6C5ADDD325BEA8FB0017D9AE /* gameElements.swift in Sources */ = {isa = PBXBuildFile; fileRef = 6C5ADDD225BEA8FB0017D9AE /* gameElements.swift */; };
		6C81204D25E5F4E900B58484 /* createEntityFunctions.swift in Sources */ = {isa = PBXBuildFile; fileRef = 6C81204C25E5F4E900B58484 /* createEntityFunctions.swift */; };
		6C8692F325DCF78800E5A684 /* entityClasses.swift in Sources */ = {isa = PBXBuildFile; fileRef = 6C8692F225DCF78800E5A684 /* entityClasses.swift */; };
		6C8D6FC525FA20560073403E /* background.mp3 in Resources */ = {isa = PBXBuildFile; fileRef = 6C8D6FC425FA20560073403E /* background.mp3 */; };
		6C8D6FCD25FA210E0073403E /* Audio.swift in Sources */ = {isa = PBXBuildFile; fileRef = 6C8D6FCC25FA210E0073403E /* Audio.swift */; };
		6C977CF825C3EC4B006032CC /* toUpper.c in Sources */ = {isa = PBXBuildFile; fileRef = 6C977CF725C3EC4B006032CC /* toUpper.c */; };
		6C97DC2125B936CB005FDF81 /* AppDelegate.swift in Sources */ = {isa = PBXBuildFile; fileRef = 6C97DC2025B936CB005FDF81 /* AppDelegate.swift */; };
		6C97DC2325B936CB005FDF81 /* GameScene.sks in Resources */ = {isa = PBXBuildFile; fileRef = 6C97DC2225B936CB005FDF81 /* GameScene.sks */; };
		6C97DC2525B936CB005FDF81 /* Actions.sks in Resources */ = {isa = PBXBuildFile; fileRef = 6C97DC2425B936CB005FDF81 /* Actions.sks */; };
		6C97DC2725B936CB005FDF81 /* GameScene.swift in Sources */ = {isa = PBXBuildFile; fileRef = 6C97DC2625B936CB005FDF81 /* GameScene.swift */; };
		6C97DC2925B936CB005FDF81 /* GameViewController.swift in Sources */ = {isa = PBXBuildFile; fileRef = 6C97DC2825B936CB005FDF81 /* GameViewController.swift */; };
		6C97DC2C25B936CB005FDF81 /* Main.storyboard in Resources */ = {isa = PBXBuildFile; fileRef = 6C97DC2A25B936CB005FDF81 /* Main.storyboard */; };
		6C97DC2E25B936CD005FDF81 /* Assets.xcassets in Resources */ = {isa = PBXBuildFile; fileRef = 6C97DC2D25B936CD005FDF81 /* Assets.xcassets */; };
		6C97DC3925B936CE005FDF81 /* movingTestTests.swift in Sources */ = {isa = PBXBuildFile; fileRef = 6C97DC3825B936CE005FDF81 /* movingTestTests.swift */; };
		6C97DC4425B936CE005FDF81 /* movingTestUITests.swift in Sources */ = {isa = PBXBuildFile; fileRef = 6C97DC4325B936CE005FDF81 /* movingTestUITests.swift */; };
		6CC7322325D02CCF0033BA7F /* createCharacterProtocol.swift in Sources */ = {isa = PBXBuildFile; fileRef = 6CC7322225D02CCF0033BA7F /* createCharacterProtocol.swift */; };
/* End PBXBuildFile section */

/* Begin PBXContainerItemProxy section */
		6C97DC3525B936CE005FDF81 /* PBXContainerItemProxy */ = {
			isa = PBXContainerItemProxy;
			containerPortal = 6C97DC1525B936CB005FDF81 /* Project object */;
			proxyType = 1;
			remoteGlobalIDString = 6C97DC1C25B936CB005FDF81;
			remoteInfo = movingTest;
		};
		6C97DC4025B936CE005FDF81 /* PBXContainerItemProxy */ = {
			isa = PBXContainerItemProxy;
			containerPortal = 6C97DC1525B936CB005FDF81 /* Project object */;
			proxyType = 1;
			remoteGlobalIDString = 6C97DC1C25B936CB005FDF81;
			remoteInfo = movingTest;
		};
/* End PBXContainerItemProxy section */

/* Begin PBXFileReference section */
		6C5ADDD225BEA8FB0017D9AE /* gameElements.swift */ = {isa = PBXFileReference; lastKnownFileType = sourcecode.swift; path = gameElements.swift; sourceTree = "<group>"; };
		6C81204C25E5F4E900B58484 /* createEntityFunctions.swift */ = {isa = PBXFileReference; lastKnownFileType = sourcecode.swift; path = createEntityFunctions.swift; sourceTree = "<group>"; };
		6C8692F225DCF78800E5A684 /* entityClasses.swift */ = {isa = PBXFileReference; lastKnownFileType = sourcecode.swift; path = entityClasses.swift; sourceTree = "<group>"; };
		6C8D6FC425FA20560073403E /* background.mp3 */ = {isa = PBXFileReference; lastKnownFileType = audio.mp3; path = background.mp3; sourceTree = "<group>"; };
		6C8D6FCC25FA210E0073403E /* Audio.swift */ = {isa = PBXFileReference; lastKnownFileType = sourcecode.swift; path = Audio.swift; sourceTree = "<group>"; };
		6C977CF525C3EC4B006032CC /* movingTest-Bridging-Header.h */ = {isa = PBXFileReference; lastKnownFileType = sourcecode.c.h; path = "movingTest-Bridging-Header.h"; sourceTree = "<group>"; };
		6C977CF625C3EC4B006032CC /* toUpper.h */ = {isa = PBXFileReference; lastKnownFileType = sourcecode.c.h; path = toUpper.h; sourceTree = "<group>"; };
		6C977CF725C3EC4B006032CC /* toUpper.c */ = {isa = PBXFileReference; lastKnownFileType = sourcecode.c.c; path = toUpper.c; sourceTree = "<group>"; };
		6C97DC1D25B936CB005FDF81 /* movingTest.app */ = {isa = PBXFileReference; explicitFileType = wrapper.application; includeInIndex = 0; path = movingTest.app; sourceTree = BUILT_PRODUCTS_DIR; };
		6C97DC2025B936CB005FDF81 /* AppDelegate.swift */ = {isa = PBXFileReference; lastKnownFileType = sourcecode.swift; path = AppDelegate.swift; sourceTree = "<group>"; };
		6C97DC2225B936CB005FDF81 /* GameScene.sks */ = {isa = PBXFileReference; lastKnownFileType = file.sks; path = GameScene.sks; sourceTree = "<group>"; };
		6C97DC2425B936CB005FDF81 /* Actions.sks */ = {isa = PBXFileReference; lastKnownFileType = file.sks; path = Actions.sks; sourceTree = "<group>"; };
		6C97DC2625B936CB005FDF81 /* GameScene.swift */ = {isa = PBXFileReference; lastKnownFileType = sourcecode.swift; path = GameScene.swift; sourceTree = "<group>"; };
		6C97DC2825B936CB005FDF81 /* GameViewController.swift */ = {isa = PBXFileReference; lastKnownFileType = sourcecode.swift; path = GameViewController.swift; sourceTree = "<group>"; };
		6C97DC2B25B936CB005FDF81 /* Base */ = {isa = PBXFileReference; lastKnownFileType = file.storyboard; name = Base; path = Base.lproj/Main.storyboard; sourceTree = "<group>"; };
		6C97DC2D25B936CD005FDF81 /* Assets.xcassets */ = {isa = PBXFileReference; lastKnownFileType = folder.assetcatalog; path = Assets.xcassets; sourceTree = "<group>"; };
		6C97DC2F25B936CD005FDF81 /* Info.plist */ = {isa = PBXFileReference; lastKnownFileType = text.plist.xml; path = Info.plist; sourceTree = "<group>"; };
		6C97DC3425B936CE005FDF81 /* movingTestTests.xctest */ = {isa = PBXFileReference; explicitFileType = wrapper.cfbundle; includeInIndex = 0; path = movingTestTests.xctest; sourceTree = BUILT_PRODUCTS_DIR; };
		6C97DC3825B936CE005FDF81 /* movingTestTests.swift */ = {isa = PBXFileReference; lastKnownFileType = sourcecode.swift; path = movingTestTests.swift; sourceTree = "<group>"; };
		6C97DC3A25B936CE005FDF81 /* Info.plist */ = {isa = PBXFileReference; lastKnownFileType = text.plist.xml; path = Info.plist; sourceTree = "<group>"; };
		6C97DC3F25B936CE005FDF81 /* movingTestUITests.xctest */ = {isa = PBXFileReference; explicitFileType = wrapper.cfbundle; includeInIndex = 0; path = movingTestUITests.xctest; sourceTree = BUILT_PRODUCTS_DIR; };
		6C97DC4325B936CE005FDF81 /* movingTestUITests.swift */ = {isa = PBXFileReference; lastKnownFileType = sourcecode.swift; path = movingTestUITests.swift; sourceTree = "<group>"; };
		6C97DC4525B936CE005FDF81 /* Info.plist */ = {isa = PBXFileReference; lastKnownFileType = text.plist.xml; path = Info.plist; sourceTree = "<group>"; };
		6CC7322225D02CCF0033BA7F /* createCharacterProtocol.swift */ = {isa = PBXFileReference; lastKnownFileType = sourcecode.swift; path = createCharacterProtocol.swift; sourceTree = "<group>"; };
/* End PBXFileReference section */

/* Begin PBXFrameworksBuildPhase section */
		6C97DC1A25B936CB005FDF81 /* Frameworks */ = {
			isa = PBXFrameworksBuildPhase;
			buildActionMask = 2147483647;
			files = (
			);
			runOnlyForDeploymentPostprocessing = 0;
		};
		6C97DC3125B936CE005FDF81 /* Frameworks */ = {
			isa = PBXFrameworksBuildPhase;
			buildActionMask = 2147483647;
			files = (
			);
			runOnlyForDeploymentPostprocessing = 0;
		};
		6C97DC3C25B936CE005FDF81 /* Frameworks */ = {
			isa = PBXFrameworksBuildPhase;
			buildActionMask = 2147483647;
			files = (
			);
			runOnlyForDeploymentPostprocessing = 0;
		};
/* End PBXFrameworksBuildPhase section */

/* Begin PBXGroup section */
		6C8D6FC325FA203D0073403E /* sounds */ = {
			isa = PBXGroup;
			children = (
				6C8D6FC425FA20560073403E /* background.mp3 */,
			);
			path = sounds;
			sourceTree = "<group>";
		};
		6C97DC1425B936CB005FDF81 = {
			isa = PBXGroup;
			children = (
				6C97DC1F25B936CB005FDF81 /* movingTest */,
				6C97DC3725B936CE005FDF81 /* movingTestTests */,
				6C97DC4225B936CE005FDF81 /* movingTestUITests */,
				6C97DC1E25B936CB005FDF81 /* Products */,
			);
			sourceTree = "<group>";
		};
		6C97DC1E25B936CB005FDF81 /* Products */ = {
			isa = PBXGroup;
			children = (
				6C97DC1D25B936CB005FDF81 /* movingTest.app */,
				6C97DC3425B936CE005FDF81 /* movingTestTests.xctest */,
				6C97DC3F25B936CE005FDF81 /* movingTestUITests.xctest */,
			);
			name = Products;
			sourceTree = "<group>";
		};
		6C97DC1F25B936CB005FDF81 /* movingTest */ = {
			isa = PBXGroup;
			children = (
				6C8D6FC325FA203D0073403E /* sounds */,
				6C97DC2025B936CB005FDF81 /* AppDelegate.swift */,
				6C97DC2225B936CB005FDF81 /* GameScene.sks */,
				6C97DC2425B936CB005FDF81 /* Actions.sks */,
				6C97DC2625B936CB005FDF81 /* GameScene.swift */,
				6C8D6FCC25FA210E0073403E /* Audio.swift */,
				6C81204C25E5F4E900B58484 /* createEntityFunctions.swift */,
				6C8692F225DCF78800E5A684 /* entityClasses.swift */,
				6C5ADDD225BEA8FB0017D9AE /* gameElements.swift */,
				6CC7322225D02CCF0033BA7F /* createCharacterProtocol.swift */,
				6C97DC2825B936CB005FDF81 /* GameViewController.swift */,
				6C97DC2A25B936CB005FDF81 /* Main.storyboard */,
				6C97DC2D25B936CD005FDF81 /* Assets.xcassets */,
				6C97DC2F25B936CD005FDF81 /* Info.plist */,
				6C977CF625C3EC4B006032CC /* toUpper.h */,
				6C977CF725C3EC4B006032CC /* toUpper.c */,
				6C977CF525C3EC4B006032CC /* movingTest-Bridging-Header.h */,
			);
			path = movingTest;
			sourceTree = "<group>";
		};
		6C97DC3725B936CE005FDF81 /* movingTestTests */ = {
			isa = PBXGroup;
			children = (
				6C97DC3825B936CE005FDF81 /* movingTestTests.swift */,
				6C97DC3A25B936CE005FDF81 /* Info.plist */,
			);
			path = movingTestTests;
			sourceTree = "<group>";
		};
		6C97DC4225B936CE005FDF81 /* movingTestUITests */ = {
			isa = PBXGroup;
			children = (
				6C97DC4325B936CE005FDF81 /* movingTestUITests.swift */,
				6C97DC4525B936CE005FDF81 /* Info.plist */,
			);
			path = movingTestUITests;
			sourceTree = "<group>";
		};
/* End PBXGroup section */

/* Begin PBXNativeTarget section */
		6C97DC1C25B936CB005FDF81 /* movingTest */ = {
			isa = PBXNativeTarget;
			buildConfigurationList = 6C97DC4825B936CE005FDF81 /* Build configuration list for PBXNativeTarget "movingTest" */;
			buildPhases = (
				6C97DC1925B936CB005FDF81 /* Sources */,
				6C97DC1A25B936CB005FDF81 /* Frameworks */,
				6C97DC1B25B936CB005FDF81 /* Resources */,
			);
			buildRules = (
			);
			dependencies = (
			);
			name = movingTest;
			productName = movingTest;
			productReference = 6C97DC1D25B936CB005FDF81 /* movingTest.app */;
			productType = "com.apple.product-type.application";
		};
		6C97DC3325B936CE005FDF81 /* movingTestTests */ = {
			isa = PBXNativeTarget;
			buildConfigurationList = 6C97DC4B25B936CE005FDF81 /* Build configuration list for PBXNativeTarget "movingTestTests" */;
			buildPhases = (
				6C97DC3025B936CE005FDF81 /* Sources */,
				6C97DC3125B936CE005FDF81 /* Frameworks */,
				6C97DC3225B936CE005FDF81 /* Resources */,
			);
			buildRules = (
			);
			dependencies = (
				6C97DC3625B936CE005FDF81 /* PBXTargetDependency */,
			);
			name = movingTestTests;
			productName = movingTestTests;
			productReference = 6C97DC3425B936CE005FDF81 /* movingTestTests.xctest */;
			productType = "com.apple.product-type.bundle.unit-test";
		};
		6C97DC3E25B936CE005FDF81 /* movingTestUITests */ = {
			isa = PBXNativeTarget;
			buildConfigurationList = 6C97DC4E25B936CE005FDF81 /* Build configuration list for PBXNativeTarget "movingTestUITests" */;
			buildPhases = (
				6C97DC3B25B936CE005FDF81 /* Sources */,
				6C97DC3C25B936CE005FDF81 /* Frameworks */,
				6C97DC3D25B936CE005FDF81 /* Resources */,
			);
			buildRules = (
			);
			dependencies = (
				6C97DC4125B936CE005FDF81 /* PBXTargetDependency */,
			);
			name = movingTestUITests;
			productName = movingTestUITests;
			productReference = 6C97DC3F25B936CE005FDF81 /* movingTestUITests.xctest */;
			productType = "com.apple.product-type.bundle.ui-testing";
		};
/* End PBXNativeTarget section */

/* Begin PBXProject section */
		6C97DC1525B936CB005FDF81 /* Project object */ = {
			isa = PBXProject;
			attributes = {
				LastSwiftUpdateCheck = 1230;
				LastUpgradeCheck = 1230;
				TargetAttributes = {
					6C97DC1C25B936CB005FDF81 = {
						CreatedOnToolsVersion = 12.3;
						LastSwiftMigration = 1240;
					};
					6C97DC3325B936CE005FDF81 = {
						CreatedOnToolsVersion = 12.3;
						TestTargetID = 6C97DC1C25B936CB005FDF81;
					};
					6C97DC3E25B936CE005FDF81 = {
						CreatedOnToolsVersion = 12.3;
						TestTargetID = 6C97DC1C25B936CB005FDF81;
					};
				};
			};
			buildConfigurationList = 6C97DC1825B936CB005FDF81 /* Build configuration list for PBXProject "movingTest" */;
			compatibilityVersion = "Xcode 9.3";
			developmentRegion = en;
			hasScannedForEncodings = 0;
			knownRegions = (
				en,
				Base,
			);
			mainGroup = 6C97DC1425B936CB005FDF81;
			productRefGroup = 6C97DC1E25B936CB005FDF81 /* Products */;
			projectDirPath = "";
			projectRoot = "";
			targets = (
				6C97DC1C25B936CB005FDF81 /* movingTest */,
				6C97DC3325B936CE005FDF81 /* movingTestTests */,
				6C97DC3E25B936CE005FDF81 /* movingTestUITests */,
			);
		};
/* End PBXProject section */

/* Begin PBXResourcesBuildPhase section */
		6C97DC1B25B936CB005FDF81 /* Resources */ = {
			isa = PBXResourcesBuildPhase;
			buildActionMask = 2147483647;
			files = (
				6C97DC2C25B936CB005FDF81 /* Main.storyboard in Resources */,
				6C97DC2325B936CB005FDF81 /* GameScene.sks in Resources */,
				6C97DC2E25B936CD005FDF81 /* Assets.xcassets in Resources */,
				6C97DC2525B936CB005FDF81 /* Actions.sks in Resources */,
				6C8D6FC525FA20560073403E /* background.mp3 in Resources */,
			);
			runOnlyForDeploymentPostprocessing = 0;
		};
		6C97DC3225B936CE005FDF81 /* Resources */ = {
			isa = PBXResourcesBuildPhase;
			buildActionMask = 2147483647;
			files = (
			);
			runOnlyForDeploymentPostprocessing = 0;
		};
		6C97DC3D25B936CE005FDF81 /* Resources */ = {
			isa = PBXResourcesBuildPhase;
			buildActionMask = 2147483647;
			files = (
			);
			runOnlyForDeploymentPostprocessing = 0;
		};
/* End PBXResourcesBuildPhase section */

/* Begin PBXSourcesBuildPhase section */
		6C97DC1925B936CB005FDF81 /* Sources */ = {
			isa = PBXSourcesBuildPhase;
			buildActionMask = 2147483647;
			files = (
				6C8D6FCD25FA210E0073403E /* Audio.swift in Sources */,
				6C977CF825C3EC4B006032CC /* toUpper.c in Sources */,
				6C5ADDD325BEA8FB0017D9AE /* gameElements.swift in Sources */,
				6C97DC2725B936CB005FDF81 /* GameScene.swift in Sources */,
				6C81204D25E5F4E900B58484 /* createEntityFunctions.swift in Sources */,
				6CC7322325D02CCF0033BA7F /* createCharacterProtocol.swift in Sources */,
				6C97DC2925B936CB005FDF81 /* GameViewController.swift in Sources */,
				6C97DC2125B936CB005FDF81 /* AppDelegate.swift in Sources */,
				6C8692F325DCF78800E5A684 /* entityClasses.swift in Sources */,
			);
			runOnlyForDeploymentPostprocessing = 0;
		};
		6C97DC3025B936CE005FDF81 /* Sources */ = {
			isa = PBXSourcesBuildPhase;
			buildActionMask = 2147483647;
			files = (
				6C97DC3925B936CE005FDF81 /* movingTestTests.swift in Sources */,
			);
			runOnlyForDeploymentPostprocessing = 0;
		};
		6C97DC3B25B936CE005FDF81 /* Sources */ = {
			isa = PBXSourcesBuildPhase;
			buildActionMask = 2147483647;
			files = (
				6C97DC4425B936CE005FDF81 /* movingTestUITests.swift in Sources */,
			);
			runOnlyForDeploymentPostprocessing = 0;
		};
/* End PBXSourcesBuildPhase section */

/* Begin PBXTargetDependency section */
		6C97DC3625B936CE005FDF81 /* PBXTargetDependency */ = {
			isa = PBXTargetDependency;
			target = 6C97DC1C25B936CB005FDF81 /* movingTest */;
			targetProxy = 6C97DC3525B936CE005FDF81 /* PBXContainerItemProxy */;
		};
		6C97DC4125B936CE005FDF81 /* PBXTargetDependency */ = {
			isa = PBXTargetDependency;
			target = 6C97DC1C25B936CB005FDF81 /* movingTest */;
			targetProxy = 6C97DC4025B936CE005FDF81 /* PBXContainerItemProxy */;
		};
/* End PBXTargetDependency section */

/* Begin PBXVariantGroup section */
		6C97DC2A25B936CB005FDF81 /* Main.storyboard */ = {
			isa = PBXVariantGroup;
			children = (
				6C97DC2B25B936CB005FDF81 /* Base */,
			);
			name = Main.storyboard;
			sourceTree = "<group>";
		};
/* End PBXVariantGroup section */

/* Begin XCBuildConfiguration section */
		6C97DC4625B936CE005FDF81 /* Debug */ = {
			isa = XCBuildConfiguration;
			buildSettings = {
				ALWAYS_SEARCH_USER_PATHS = NO;
				CLANG_ANALYZER_NONNULL = YES;
				CLANG_ANALYZER_NUMBER_OBJECT_CONVERSION = YES_AGGRESSIVE;
				CLANG_CXX_LANGUAGE_STANDARD = "gnu++14";
				CLANG_CXX_LIBRARY = "libc++";
				CLANG_ENABLE_MODULES = YES;
				CLANG_ENABLE_OBJC_ARC = YES;
				CLANG_ENABLE_OBJC_WEAK = YES;
				CLANG_WARN_BLOCK_CAPTURE_AUTORELEASING = YES;
				CLANG_WARN_BOOL_CONVERSION = YES;
				CLANG_WARN_COMMA = YES;
				CLANG_WARN_CONSTANT_CONVERSION = YES;
				CLANG_WARN_DEPRECATED_OBJC_IMPLEMENTATIONS = YES;
				CLANG_WARN_DIRECT_OBJC_ISA_USAGE = YES_ERROR;
				CLANG_WARN_DOCUMENTATION_COMMENTS = YES;
				CLANG_WARN_EMPTY_BODY = YES;
				CLANG_WARN_ENUM_CONVERSION = YES;
				CLANG_WARN_INFINITE_RECURSION = YES;
				CLANG_WARN_INT_CONVERSION = YES;
				CLANG_WARN_NON_LITERAL_NULL_CONVERSION = YES;
				CLANG_WARN_OBJC_IMPLICIT_RETAIN_SELF = YES;
				CLANG_WARN_OBJC_LITERAL_CONVERSION = YES;
				CLANG_WARN_OBJC_ROOT_CLASS = YES_ERROR;
				CLANG_WARN_QUOTED_INCLUDE_IN_FRAMEWORK_HEADER = YES;
				CLANG_WARN_RANGE_LOOP_ANALYSIS = YES;
				CLANG_WARN_STRICT_PROTOTYPES = YES;
				CLANG_WARN_SUSPICIOUS_MOVE = YES;
				CLANG_WARN_UNGUARDED_AVAILABILITY = YES_AGGRESSIVE;
				CLANG_WARN_UNREACHABLE_CODE = YES;
				CLANG_WARN__DUPLICATE_METHOD_MATCH = YES;
				COPY_PHASE_STRIP = NO;
				DEBUG_INFORMATION_FORMAT = dwarf;
				ENABLE_STRICT_OBJC_MSGSEND = YES;
				ENABLE_TESTABILITY = YES;
				GCC_C_LANGUAGE_STANDARD = gnu11;
				GCC_DYNAMIC_NO_PIC = NO;
				GCC_NO_COMMON_BLOCKS = YES;
				GCC_OPTIMIZATION_LEVEL = 0;
				GCC_PREPROCESSOR_DEFINITIONS = (
					"DEBUG=1",
					"$(inherited)",
				);
				GCC_WARN_64_TO_32_BIT_CONVERSION = YES;
				GCC_WARN_ABOUT_RETURN_TYPE = YES_ERROR;
				GCC_WARN_UNDECLARED_SELECTOR = YES;
				GCC_WARN_UNINITIALIZED_AUTOS = YES_AGGRESSIVE;
				GCC_WARN_UNUSED_FUNCTION = YES;
				GCC_WARN_UNUSED_VARIABLE = YES;
				IPHONEOS_DEPLOYMENT_TARGET = 14.4;
				MTL_ENABLE_DEBUG_INFO = INCLUDE_SOURCE;
				MTL_FAST_MATH = YES;
				ONLY_ACTIVE_ARCH = YES;
				SDKROOT = iphoneos;
				SWIFT_ACTIVE_COMPILATION_CONDITIONS = DEBUG;
				SWIFT_OPTIMIZATION_LEVEL = "-Onone";
			};
			name = Debug;
		};
		6C97DC4725B936CE005FDF81 /* Release */ = {
			isa = XCBuildConfiguration;
			buildSettings = {
				ALWAYS_SEARCH_USER_PATHS = NO;
				CLANG_ANALYZER_NONNULL = YES;
				CLANG_ANALYZER_NUMBER_OBJECT_CONVERSION = YES_AGGRESSIVE;
				CLANG_CXX_LANGUAGE_STANDARD = "gnu++14";
				CLANG_CXX_LIBRARY = "libc++";
				CLANG_ENABLE_MODULES = YES;
				CLANG_ENABLE_OBJC_ARC = YES;
				CLANG_ENABLE_OBJC_WEAK = YES;
				CLANG_WARN_BLOCK_CAPTURE_AUTORELEASING = YES;
				CLANG_WARN_BOOL_CONVERSION = YES;
				CLANG_WARN_COMMA = YES;
				CLANG_WARN_CONSTANT_CONVERSION = YES;
				CLANG_WARN_DEPRECATED_OBJC_IMPLEMENTATIONS = YES;
				CLANG_WARN_DIRECT_OBJC_ISA_USAGE = YES_ERROR;
				CLANG_WARN_DOCUMENTATION_COMMENTS = YES;
				CLANG_WARN_EMPTY_BODY = YES;
				CLANG_WARN_ENUM_CONVERSION = YES;
				CLANG_WARN_INFINITE_RECURSION = YES;
				CLANG_WARN_INT_CONVERSION = YES;
				CLANG_WARN_NON_LITERAL_NULL_CONVERSION = YES;
				CLANG_WARN_OBJC_IMPLICIT_RETAIN_SELF = YES;
				CLANG_WARN_OBJC_LITERAL_CONVERSION = YES;
				CLANG_WARN_OBJC_ROOT_CLASS = YES_ERROR;
				CLANG_WARN_QUOTED_INCLUDE_IN_FRAMEWORK_HEADER = YES;
				CLANG_WARN_RANGE_LOOP_ANALYSIS = YES;
				CLANG_WARN_STRICT_PROTOTYPES = YES;
				CLANG_WARN_SUSPICIOUS_MOVE = YES;
				CLANG_WARN_UNGUARDED_AVAILABILITY = YES_AGGRESSIVE;
				CLANG_WARN_UNREACHABLE_CODE = YES;
				CLANG_WARN__DUPLICATE_METHOD_MATCH = YES;
				COPY_PHASE_STRIP = NO;
				DEBUG_INFORMATION_FORMAT = "dwarf-with-dsym";
				ENABLE_NS_ASSERTIONS = NO;
				ENABLE_STRICT_OBJC_MSGSEND = YES;
				GCC_C_LANGUAGE_STANDARD = gnu11;
				GCC_NO_COMMON_BLOCKS = YES;
				GCC_WARN_64_TO_32_BIT_CONVERSION = YES;
				GCC_WARN_ABOUT_RETURN_TYPE = YES_ERROR;
				GCC_WARN_UNDECLARED_SELECTOR = YES;
				GCC_WARN_UNINITIALIZED_AUTOS = YES_AGGRESSIVE;
				GCC_WARN_UNUSED_FUNCTION = YES;
				GCC_WARN_UNUSED_VARIABLE = YES;
				IPHONEOS_DEPLOYMENT_TARGET = 14.4;
				MTL_ENABLE_DEBUG_INFO = NO;
				MTL_FAST_MATH = YES;
				SDKROOT = iphoneos;
				SWIFT_COMPILATION_MODE = wholemodule;
				SWIFT_OPTIMIZATION_LEVEL = "-O";
				VALIDATE_PRODUCT = YES;
			};
			name = Release;
		};
		6C97DC4925B936CE005FDF81 /* Debug */ = {
			isa = XCBuildConfiguration;
			buildSettings = {
				ASSETCATALOG_COMPILER_APPICON_NAME = AppIcon;
				ASSETCATALOG_COMPILER_GLOBAL_ACCENT_COLOR_NAME = AccentColor;
				CLANG_ENABLE_MODULES = YES;
				CODE_SIGN_STYLE = Automatic;
				DEVELOPMENT_TEAM = 3HA24BPXUY;
				INFOPLIST_FILE = movingTest/Info.plist;
				LD_RUNPATH_SEARCH_PATHS = (
					"$(inherited)",
					"@executable_path/Frameworks",
				);
				PRODUCT_BUNDLE_IDENTIFIER = "Minseo-Kim.movingTest";
				PRODUCT_NAME = "$(TARGET_NAME)";
				SWIFT_OBJC_BRIDGING_HEADER = "movingTest/movingTest-Bridging-Header.h";
				SWIFT_OPTIMIZATION_LEVEL = "-Onone";
				SWIFT_VERSION = 5.0;
				TARGETED_DEVICE_FAMILY = "1,2";
			};
			name = Debug;
		};
		6C97DC4A25B936CE005FDF81 /* Release */ = {
			isa = XCBuildConfiguration;
			buildSettings = {
				ASSETCATALOG_COMPILER_APPICON_NAME = AppIcon;
				ASSETCATALOG_COMPILER_GLOBAL_ACCENT_COLOR_NAME = AccentColor;
				CLANG_ENABLE_MODULES = YES;
				CODE_SIGN_STYLE = Automatic;
				DEVELOPMENT_TEAM = 3HA24BPXUY;
				INFOPLIST_FILE = movingTest/Info.plist;
				LD_RUNPATH_SEARCH_PATHS = (
					"$(inherited)",
					"@executable_path/Frameworks",
				);
				PRODUCT_BUNDLE_IDENTIFIER = "Minseo-Kim.movingTest";
				PRODUCT_NAME = "$(TARGET_NAME)";
				SWIFT_OBJC_BRIDGING_HEADER = "movingTest/movingTest-Bridging-Header.h";
				SWIFT_VERSION = 5.0;
				TARGETED_DEVICE_FAMILY = "1,2";
			};
			name = Release;
		};
		6C97DC4C25B936CE005FDF81 /* Debug */ = {
			isa = XCBuildConfiguration;
			buildSettings = {
				ALWAYS_EMBED_SWIFT_STANDARD_LIBRARIES = YES;
				BUNDLE_LOADER = "$(TEST_HOST)";
				CODE_SIGN_STYLE = Automatic;
				DEVELOPMENT_TEAM = 3HA24BPXUY;
				INFOPLIST_FILE = movingTestTests/Info.plist;
				IPHONEOS_DEPLOYMENT_TARGET = 14.3;
				LD_RUNPATH_SEARCH_PATHS = (
					"$(inherited)",
					"@executable_path/Frameworks",
					"@loader_path/Frameworks",
				);
				PRODUCT_BUNDLE_IDENTIFIER = "Minseo-Kim.movingTestTests";
				PRODUCT_NAME = "$(TARGET_NAME)";
				SWIFT_VERSION = 5.0;
				TARGETED_DEVICE_FAMILY = "1,2";
				TEST_HOST = "$(BUILT_PRODUCTS_DIR)/movingTest.app/movingTest";
			};
			name = Debug;
		};
		6C97DC4D25B936CE005FDF81 /* Release */ = {
			isa = XCBuildConfiguration;
			buildSettings = {
				ALWAYS_EMBED_SWIFT_STANDARD_LIBRARIES = YES;
				BUNDLE_LOADER = "$(TEST_HOST)";
				CODE_SIGN_STYLE = Automatic;
				DEVELOPMENT_TEAM = 3HA24BPXUY;
				INFOPLIST_FILE = movingTestTests/Info.plist;
				IPHONEOS_DEPLOYMENT_TARGET = 14.3;
				LD_RUNPATH_SEARCH_PATHS = (
					"$(inherited)",
					"@executable_path/Frameworks",
					"@loader_path/Frameworks",
				);
				PRODUCT_BUNDLE_IDENTIFIER = "Minseo-Kim.movingTestTests";
				PRODUCT_NAME = "$(TARGET_NAME)";
				SWIFT_VERSION = 5.0;
				TARGETED_DEVICE_FAMILY = "1,2";
				TEST_HOST = "$(BUILT_PRODUCTS_DIR)/movingTest.app/movingTest";
			};
			name = Release;
		};
		6C97DC4F25B936CE005FDF81 /* Debug */ = {
			isa = XCBuildConfiguration;
			buildSettings = {
				ALWAYS_EMBED_SWIFT_STANDARD_LIBRARIES = YES;
				CODE_SIGN_STYLE = Automatic;
				DEVELOPMENT_TEAM = 3HA24BPXUY;
				INFOPLIST_FILE = movingTestUITests/Info.plist;
				LD_RUNPATH_SEARCH_PATHS = (
					"$(inherited)",
					"@executable_path/Frameworks",
					"@loader_path/Frameworks",
				);
				PRODUCT_BUNDLE_IDENTIFIER = "Minseo-Kim.movingTestUITests";
				PRODUCT_NAME = "$(TARGET_NAME)";
				SWIFT_VERSION = 5.0;
				TARGETED_DEVICE_FAMILY = "1,2";
				TEST_TARGET_NAME = movingTest;
			};
			name = Debug;
		};
		6C97DC5025B936CE005FDF81 /* Release */ = {
			isa = XCBuildConfiguration;
			buildSettings = {
				ALWAYS_EMBED_SWIFT_STANDARD_LIBRARIES = YES;
				CODE_SIGN_STYLE = Automatic;
				DEVELOPMENT_TEAM = 3HA24BPXUY;
				INFOPLIST_FILE = movingTestUITests/Info.plist;
				LD_RUNPATH_SEARCH_PATHS = (
					"$(inherited)",
					"@executable_path/Frameworks",
					"@loader_path/Frameworks",
				);
				PRODUCT_BUNDLE_IDENTIFIER = "Minseo-Kim.movingTestUITests";
				PRODUCT_NAME = "$(TARGET_NAME)";
				SWIFT_VERSION = 5.0;
				TARGETED_DEVICE_FAMILY = "1,2";
				TEST_TARGET_NAME = movingTest;
			};
			name = Release;
		};
/* End XCBuildConfiguration section */

/* Begin XCConfigurationList section */
		6C97DC1825B936CB005FDF81 /* Build configuration list for PBXProject "movingTest" */ = {
			isa = XCConfigurationList;
			buildConfigurations = (
				6C97DC4625B936CE005FDF81 /* Debug */,
				6C97DC4725B936CE005FDF81 /* Release */,
			);
			defaultConfigurationIsVisible = 0;
			defaultConfigurationName = Release;
		};
		6C97DC4825B936CE005FDF81 /* Build configuration list for PBXNativeTarget "movingTest" */ = {
			isa = XCConfigurationList;
			buildConfigurations = (
				6C97DC4925B936CE005FDF81 /* Debug */,
				6C97DC4A25B936CE005FDF81 /* Release */,
			);
			defaultConfigurationIsVisible = 0;
			defaultConfigurationName = Release;
		};
		6C97DC4B25B936CE005FDF81 /* Build configuration list for PBXNativeTarget "movingTestTests" */ = {
			isa = XCConfigurationList;
			buildConfigurations = (
				6C97DC4C25B936CE005FDF81 /* Debug */,
				6C97DC4D25B936CE005FDF81 /* Release */,
			);
			defaultConfigurationIsVisible = 0;
			defaultConfigurationName = Release;
		};
		6C97DC4E25B936CE005FDF81 /* Build configuration list for PBXNativeTarget "movingTestUITests" */ = {
			isa = XCConfigurationList;
			buildConfigurations = (
				6C97DC4F25B936CE005FDF81 /* Debug */,
				6C97DC5025B936CE005FDF81 /* Release */,
			);
			defaultConfigurationIsVisible = 0;
			defaultConfigurationName = Release;
		};
/* End XCConfigurationList section */
	};
	rootObject = 6C97DC1525B936CB005FDF81 /* Project object */;
}
